
Microsoft Visual Studio Solution File, Format Version 12.00
# Visual Studio Version 16
VisualStudioVersion = 16.0.31624.102
MinimumVisualStudioVersion = 10.0.40219.1
Project("{FAE04EC0-301F-11D3-BF4B-00C04F79EFBC}") = "Entities", "Entities\Entities.csproj", "{F7F008C8-8D60-4F10-AF9E-8175619A1096}"
EndProject
Project("{FAE04EC0-301F-11D3-BF4B-00C04F79EFBC}") = "Business", "Business\Business.csproj", "{25685FC7-6E77-47B8-811F-56ED75598FB0}"
EndProject
Project("{FAE04EC0-301F-11D3-BF4B-00C04F79EFBC}") = "Core", "Core\Core.csproj", "{8923CF95-7551-4A23-A553-1C0DBADDA5F5}"
EndProject
Project("{FAE04EC0-301F-11D3-BF4B-00C04F79EFBC}") = "DataAccess", "DataAccess\DataAccess.csproj", "{9E7C6D29-B569-4537-8272-3AA533479D09}"
EndProject
Project("{FAE04EC0-301F-11D3-BF4B-00C04F79EFBC}") = "WebAPI", "WebAPI\WebAPI.csproj", "{870E9960-AE74-4AD5-83FD-FB148D365281}"
EndProject
Global
	GlobalSection(SolutionConfigurationPlatforms) = preSolution
		Debug|Any CPU = Debug|Any CPU
		Release|Any CPU = Release|Any CPU
	EndGlobalSection
	GlobalSection(ProjectConfigurationPlatforms) = postSolution
		{F7F008C8-8D60-4F10-AF9E-8175619A1096}.Debug|Any CPU.ActiveCfg = Debug|Any CPU
		{F7F008C8-8D60-4F10-AF9E-8175619A1096}.Debug|Any CPU.Build.0 = Debug|Any CPU
		{F7F008C8-8D60-4F10-AF9E-8175619A1096}.Release|Any CPU.ActiveCfg = Release|Any CPU
		{F7F008C8-8D60-4F10-AF9E-8175619A1096}.Release|Any CPU.Build.0 = Release|Any CPU
		{25685FC7-6E77-47B8-811F-56ED75598FB0}.Debug|Any CPU.ActiveCfg = Debug|Any CPU
		{25685FC7-6E77-47B8-811F-56ED75598FB0}.Debug|Any CPU.Build.0 = Debug|Any CPU
		{25685FC7-6E77-47B8-811F-56ED75598FB0}.Release|Any CPU.ActiveCfg = Release|Any CPU
		{25685FC7-6E77-47B8-811F-56ED75598FB0}.Release|Any CPU.Build.0 = Release|Any CPU
		{8923CF95-7551-4A23-A553-1C0DBADDA5F5}.Debug|Any CPU.ActiveCfg = Debug|Any CPU
		{8923CF95-7551-4A23-A553-1C0DBADDA5F5}.Debug|Any CPU.Build.0 = Debug|Any CPU
		{8923CF95-7551-4A23-A553-1C0DBADDA5F5}.Release|Any CPU.ActiveCfg = Release|Any CPU
		{8923CF95-7551-4A23-A553-1C0DBADDA5F5}.Release|Any CPU.Build.0 = Release|Any CPU
		{9E7C6D29-B569-4537-8272-3AA533479D09}.Debug|Any CPU.ActiveCfg = Debug|Any CPU
		{9E7C6D29-B569-4537-8272-3AA533479D09}.Debug|Any CPU.Build.0 = Debug|Any CPU
		{9E7C6D29-B569-4537-8272-3AA533479D09}.Release|Any CPU.ActiveCfg = Release|Any CPU
		{9E7C6D29-B569-4537-8272-3AA533479D09}.Release|Any CPU.Build.0 = Release|Any CPU
		{870E9960-AE74-4AD5-83FD-FB148D365281}.Debug|Any CPU.ActiveCfg = Debug|Any CPU
		{870E9960-AE74-4AD5-83FD-FB148D365281}.Debug|Any CPU.Build.0 = Debug|Any CPU
		{870E9960-AE74-4AD5-83FD-FB148D365281}.Release|Any CPU.ActiveCfg = Release|Any CPU
		{870E9960-AE74-4AD5-83FD-FB148D365281}.Release|Any CPU.Build.0 = Release|Any CPU
	EndGlobalSection
	GlobalSection(SolutionProperties) = preSolution
		HideSolutionNode = FALSE
	EndGlobalSection
	GlobalSection(ExtensibilityGlobals) = postSolution
		SolutionGuid = {648D95DD-BF8A-46BE-BC64-B2E251A5511B}
	EndGlobalSection
EndGlobal
